
Microsoft Visual Studio Solution File, Format Version 12.00
# Visual Studio Version 17
VisualStudioVersion = 17.5.33627.172
MinimumVisualStudioVersion = 10.0.40219.1
Project("{9A19103F-16F7-4668-BE54-9A1E7A4F7556}") = "AstraTestProject", "AstraTestProject\AstraTestProject.csproj", "{427082F5-3E46-4320-9913-2DFCFE9CB3EC}"
EndProject
Project("{9A19103F-16F7-4668-BE54-9A1E7A4F7556}") = "AstraTestProject.Contracts", "AstraTestProject.Contracts\AstraTestProject.Contracts.csproj", "{4802BA44-C214-4103-BD51-0C6824EFE59C}"
EndProject
Project("{9A19103F-16F7-4668-BE54-9A1E7A4F7556}") = "AstraTestProject.Data", "AstraTestProject.Data\AstraTestProject.Data.csproj", "{EA51CD58-09AD-422F-AE7B-BFEAFBDF5721}"
EndProject
Project("{9A19103F-16F7-4668-BE54-9A1E7A4F7556}") = "AstraTestProject.Services", "AstraTestProject.Services\AstraTestProject.Services.csproj", "{88021BD5-DFDD-4DC3-9B5F-4DF58CD53E94}"
EndProject
Project("{FAE04EC0-301F-11D3-BF4B-00C04F79EFBC}") = "AstraTestProject.Web", "AstraTestProject.Web\AstraTestProject.Web.csproj", "{B7DD4BAC-D5D4-40E7-A25C-3F896A3396DB}"
EndProject
Global
	GlobalSection(SolutionConfigurationPlatforms) = preSolution
		Debug|Any CPU = Debug|Any CPU
		Release|Any CPU = Release|Any CPU
	EndGlobalSection
	GlobalSection(ProjectConfigurationPlatforms) = postSolution
		{427082F5-3E46-4320-9913-2DFCFE9CB3EC}.Debug|Any CPU.ActiveCfg = Debug|Any CPU
		{427082F5-3E46-4320-9913-2DFCFE9CB3EC}.Debug|Any CPU.Build.0 = Debug|Any CPU
		{427082F5-3E46-4320-9913-2DFCFE9CB3EC}.Release|Any CPU.ActiveCfg = Release|Any CPU
		{427082F5-3E46-4320-9913-2DFCFE9CB3EC}.Release|Any CPU.Build.0 = Release|Any CPU
		{4802BA44-C214-4103-BD51-0C6824EFE59C}.Debug|Any CPU.ActiveCfg = Debug|Any CPU
		{4802BA44-C214-4103-BD51-0C6824EFE59C}.Debug|Any CPU.Build.0 = Debug|Any CPU
		{4802BA44-C214-4103-BD51-0C6824EFE59C}.Release|Any CPU.ActiveCfg = Release|Any CPU
		{4802BA44-C214-4103-BD51-0C6824EFE59C}.Release|Any CPU.Build.0 = Release|Any CPU
		{EA51CD58-09AD-422F-AE7B-BFEAFBDF5721}.Debug|Any CPU.ActiveCfg = Debug|Any CPU
		{EA51CD58-09AD-422F-AE7B-BFEAFBDF5721}.Debug|Any CPU.Build.0 = Debug|Any CPU
		{EA51CD58-09AD-422F-AE7B-BFEAFBDF5721}.Release|Any CPU.ActiveCfg = Release|Any CPU
		{EA51CD58-09AD-422F-AE7B-BFEAFBDF5721}.Release|Any CPU.Build.0 = Release|Any CPU
		{88021BD5-DFDD-4DC3-9B5F-4DF58CD53E94}.Debug|Any CPU.ActiveCfg = Debug|Any CPU
		{88021BD5-DFDD-4DC3-9B5F-4DF58CD53E94}.Debug|Any CPU.Build.0 = Debug|Any CPU
		{88021BD5-DFDD-4DC3-9B5F-4DF58CD53E94}.Release|Any CPU.ActiveCfg = Release|Any CPU
		{88021BD5-DFDD-4DC3-9B5F-4DF58CD53E94}.Release|Any CPU.Build.0 = Release|Any CPU
		{B7DD4BAC-D5D4-40E7-A25C-3F896A3396DB}.Debug|Any CPU.ActiveCfg = Debug|Any CPU
		{B7DD4BAC-D5D4-40E7-A25C-3F896A3396DB}.Debug|Any CPU.Build.0 = Debug|Any CPU
		{B7DD4BAC-D5D4-40E7-A25C-3F896A3396DB}.Release|Any CPU.ActiveCfg = Release|Any CPU
		{B7DD4BAC-D5D4-40E7-A25C-3F896A3396DB}.Release|Any CPU.Build.0 = Release|Any CPU
	EndGlobalSection
	GlobalSection(SolutionProperties) = preSolution
		HideSolutionNode = FALSE
	EndGlobalSection
	GlobalSection(ExtensibilityGlobals) = postSolution
		SolutionGuid = {D5B6472E-9DA5-46C7-87E2-9B8054562DFC}
	EndGlobalSection
EndGlobal
